PODS:
  - AFNetworking (2.5.0):
    - AFNetworking/NSURLConnection (= 2.5.0)
    - AFNetworking/NSURLSession (= 2.5.0)
    - AFNetworking/Reachability (= 2.5.0)
    - AFNetworking/Security (= 2.5.0)
    - AFNetworking/Serialization (= 2.5.0)
    - AFNetworking/UIKit (= 2.5.0)
  - AFNetworking/NSURLConnection (2.5.0):
    - AFNetworking/Reachability
    - AFNetworking/Security
    - AFNetworking/Serialization
  - AFNetworking/NSURLSession (2.5.0):
    - AFNetworking/Reachability
    - AFNetworking/Security
    - AFNetworking/Serialization
  - AFNetworking/Reachability (2.5.0)
  - AFNetworking/Security (2.5.0)
  - AFNetworking/Serialization (2.5.0)
  - AFNetworking/UIKit (2.5.0):
    - AFNetworking/NSURLConnection
    - AFNetworking/NSURLSession
  - Appirater (2.0.4)
  - ASImageResize (1.0.3)
  - BButton (4.0.2)
  - CBPWordPress (0.1.2):
    - AFNetworking (~> 2.0)
  - HexColors (2.2.1)
  - HTAutocompleteTextField (1.3.2)
  - HTProgressHUD (0.2.1)
  - MHVideoPhotoGallery (1.6.7):
    - SDWebImage
  - NSString-HTML (0.0.1)
  - SAMTextView (0.2.1)
  - SDWebImage (3.7.1):
    - SDWebImage/Core (= 3.7.1)
  - SDWebImage/Core (3.7.1)
  - SORelativeDateTransformer (1.1.10)
  - SSCWhatsAppActivity (1.2)
  - SVPullToRefresh (HEAD based on 0.4.1)
  - TOWebViewController (2.0.14)
  - TSMessages (0.9.12):
    - HexColors
  - TTTAttributedLabel (1.13.1)

DEPENDENCIES:
  - Appirater (~> 2.0)
  - ASImageResize (~> 1.0)
  - BButton (~> 4.0)
  - CBPWordPress (~> 0.1)
  - HTAutocompleteTextField (~> 1.2)
  - HTProgressHUD (~> 0.2.1)
  - MHVideoPhotoGallery (~> 1.6)
  - NSString-HTML (~> 0.0)
  - SAMTextView (~> 0.2)
  - SORelativeDateTransformer (~> 1.1)
  - SSCWhatsAppActivity (~> 1.0)
  - SVPullToRefresh (HEAD)
  - TOWebViewController (~> 2.0.5)
  - TSMessages (~> 0.9)
  - TTTAttributedLabel (~> 1.10)

SPEC CHECKSUMS:
  AFNetworking: 0f54cb5d16ce38c1b76948faffb8d5fb705021c7
  Appirater: cbdb7f305562cfde585300bfff86da01ae559deb
  ASImageResize: 86021cd2b4345b46a9fbaa6ac12ba347fdd32f89
  BButton: eab327e143be2730c81a22467cc016488a125162
  CBPWordPress: 43693f9b054414fd16e70a8bb1f18a1e2d41a256
  HexColors: 01384d2bbe8dc4ffa43c3b4135db6e976952d153
  HTAutocompleteTextField: 554b1eb39e58a54cb2078a063e078d263ae05a76
  HTProgressHUD: 5009f5e22d72757019864a792531d18f353bd01a
  MHVideoPhotoGallery: cb663be6bde92d03af4be9978e1f457a497ea153
  NSString-HTML: 2ccaa6a9886d35f8176ee5e456442bd1524c151b
  SAMTextView: 1062a784ba7b2080b0c17748001c416b53010b4b
  SDWebImage: 116e88633b5b416ea0ca4b334a4ac59cf72dd38d
  SORelativeDateTransformer: de7936811c9988af8e129a097af48c828f933f5f
  SSCWhatsAppActivity: 87a5ee02a689a7f635f3a9fa66402aab72cf7a00
  SVPullToRefresh: d5161ebc833a38b465364412e5e307ca80bbb190
  TOWebViewController: d3eee5342e5f8508cc87107c96544f5dff01b802
  TSMessages: b2b5dc71f65146387e51f2600bb0eb8f3a6c4ab8
  TTTAttributedLabel: 71843ac4178e1ebd6b0950b54325146726a124ae

COCOAPODS: 0.35.0
