PODS:
  - AFNetworking (2.0.3):
    - AFNetworking/NSURLConnection
    - AFNetworking/NSURLSession
    - AFNetworking/Reachability
    - AFNetworking/Security
    - AFNetworking/Serialization
    - AFNetworking/UIKit
  - AFNetworking/NSURLConnection (2.0.3):
    - AFNetworking/Reachability
    - AFNetworking/Security
    - AFNetworking/Serialization
  - AFNetworking/NSURLSession (2.0.3):
    - AFNetworking/NSURLConnection
  - AFNetworking/Reachability (2.0.3)
  - AFNetworking/Security (2.0.3)
  - AFNetworking/Serialization (2.0.3)
  - AFNetworking/UIKit (2.0.3):
    - AFNetworking/NSURLConnection
  - Appirater (2.0.2)
  - BButton (4.0.1)
  - CBPWordPress (0.1.0):
    - AFNetworking (~> 2.0.0)
  - google-plus-ios-sdk (1.5.0)
  - GooglePlusShareActivity (0.2.4):
    - google-plus-ios-sdk (= 1.5.0)
  - HexColors (2.2.1)
  - HTAutocompleteTextField (1.2.6)
  - MBProgressHUD (0.8)
  - MHVideoPhotoGallery (1.6.3):
    - SDWebImage
  - NSString-HTML (0.0.1)
  - SAMTextView (0.2.1)
  - SDWebImage (3.7.1):
    - SDWebImage/Core
  - SDWebImage/Core (3.7.1)
  - SORelativeDateTransformer (1.1.10)
  - SSCWhatsAppActivity (1.0)
  - SVPullToRefresh (HEAD based on 0.4.1)
  - TOWebViewController (2.0.12)
  - TSMessages (0.9.9):
    - HexColors
  - TTTAttributedLabel (1.10.1)

DEPENDENCIES:
  - Appirater (~> 2.0)
  - BButton (~> 4.0)
  - CBPWordPress (from `../CBPWordPress.podspec`)
  - GooglePlusShareActivity (~> 0.2)
  - HTAutocompleteTextField (~> 1.2)
  - MBProgressHUD (~> 0.8)
  - MHVideoPhotoGallery (~> 1.6)
  - NSString-HTML (~> 0.0)
  - SAMTextView (~> 0.2)
  - SORelativeDateTransformer (~> 1.1)
  - SSCWhatsAppActivity (~> 1.0)
  - SVPullToRefresh (HEAD)
  - TOWebViewController (~> 2.0.5)
  - TSMessages (~> 0.9)
  - TTTAttributedLabel (~> 1.10)

EXTERNAL SOURCES:
  CBPWordPress:
    :path: ../CBPWordPress.podspec

SPEC CHECKSUMS:
  AFNetworking: a4d0e9a64de9242986620dafd1b3cee3b413ac5c
  Appirater: a5e00fb01d47a9a6acf4b2f22323b4ccf4f23fbb
  BButton: 396a5e59648e3f687b7d8201b88ebdbad6e36b59
  CBPWordPress: 31b7daaa8e8c727cac5276db59705b68252ea1e9
  google-plus-ios-sdk: 20ab80284c5ce4616e176b25ed9522cde6f894d3
  GooglePlusShareActivity: 291bce40de044aaefc8dbe32141e21f8de0c13f4
  HexColors: 01384d2bbe8dc4ffa43c3b4135db6e976952d153
  HTAutocompleteTextField: 92ca48eb8f2a7fba756fb9f19bc54cba3391b8f4
  MBProgressHUD: c356980b0cd097f19acec959b49dca5eb8ec31be
  MHVideoPhotoGallery: 13b31768eb49b636e8b27ef60a5d7b2c9aea9b73
  NSString-HTML: 2ccaa6a9886d35f8176ee5e456442bd1524c151b
  SAMTextView: 1062a784ba7b2080b0c17748001c416b53010b4b
  SDWebImage: 116e88633b5b416ea0ca4b334a4ac59cf72dd38d
  SORelativeDateTransformer: de7936811c9988af8e129a097af48c828f933f5f
  SSCWhatsAppActivity: a0194b86913400fbb05605ac9f0c83874f3ca377
  SVPullToRefresh: d5161ebc833a38b465364412e5e307ca80bbb190
  TOWebViewController: 6835e64ddfd79f178a65ee46a5041c075a5aa77d
  TSMessages: 2999ef55e532378692e9d14d32da2bb60e285129
  TTTAttributedLabel: 94bb04f1e005616002dd2cee0262a0082e533627

COCOAPODS: 0.33.1
